{
  "version": 4,
  "terraform_version": "1.2.6",
  "serial": 19,
  "lineage": "4b60d857-713a-190b-62fd-34b7ddc67b47",
  "outputs": {},
  "resources": [
    {
      "mode": "managed",
      "type": "flexibleengine_compute_floatingip_associate_v2",
      "name": "fip_1",
      "provider": "provider[\"registry.terraform.io/flexibleenginecloud/flexibleengine\"]",
      "instances": [
        {
          "schema_version": 0,
          "attributes": {
            "fixed_ip": "10.10.10.221",
            "floating_ip": "90.84.199.89",
            "id": "90.84.199.89/75396708-1c1e-4a63-a7fe-59b6b0dd19ca/",
            "instance_id": "75396708-1c1e-4a63-a7fe-59b6b0dd19ca",
            "region": "eu-west-0"
          },
          "sensitive_attributes": [],
          "private": "bnVsbA==",
          "dependencies": [
            "flexibleengine_compute_instance_v2.vm_instance",
            "flexibleengine_networking_network_v2.network_1_helmi",
            "flexibleengine_vpc_eip_v1.eip_1"
          ]
        }
      ]
    },
    {
      "mode": "managed",
      "type": "flexibleengine_compute_instance_v2",
      "name": "vm_instance",
      "provider": "provider[\"registry.terraform.io/flexibleenginecloud/flexibleengine\"]",
      "instances": [
        {
          "schema_version": 0,
          "attributes": {
            "access_ip_v4": "10.10.10.221",
            "access_ip_v6": "",
            "admin_pass": null,
            "all_metadata": {
              "charging_mode": "0",
              "image_name": "OBS CentOS 7.9",
              "metering.image_id": "a4b175e9-ad85-4b4d-aa36-7dd34a85a10d",
              "metering.imagetype": "gold",
              "metering.resourcespeccode": "t2.micro.linux",
              "os_bit": "64",
              "vpc_id": "92f9fe19-adcc-4ace-9693-0d47bec4193e"
            },
            "auto_recovery": false,
            "availability_zone": "eu-west-0b",
            "block_device": [],
            "config_drive": null,
            "flavor_id": "t2.micro",
            "flavor_name": "t2.micro",
            "floating_ip": "90.84.199.89",
            "id": "75396708-1c1e-4a63-a7fe-59b6b0dd19ca",
            "image_id": "a4b175e9-ad85-4b4d-aa36-7dd34a85a10d",
            "image_name": "OBS CentOS 7.9",
            "key_pair": "helmi",
            "metadata": {},
            "name": "terraform-helmi-instance",
            "network": [
              {
                "access_network": false,
                "fixed_ip_v4": "10.10.10.221",
                "fixed_ip_v6": "",
                "mac": "fa:16:3e:f5:27:74",
                "name": "",
                "port": "9275b9a2-b26d-41e5-bc67-a5ed593c9704",
                "uuid": "c890ca40-b0be-4ccd-8d76-f29801d1f818"
              }
            ],
            "personality": [],
            "region": "eu-west-0",
            "scheduler_hints": [],
            "security_groups": [
              "devops-SG-helmi"
            ],
            "status": "ACTIVE",
            "stop_before_destroy": false,
            "system_disk_id": "56c3acb8-c03a-46ad-93b8-e78eb053bc6b",
            "tags": {},
            "timeouts": null,
            "user_data": null,
            "volume_attached": [
              {
                "boot_index": 0,
                "pci_address": "",
                "size": 40,
                "type": "SAS",
                "uuid": "56c3acb8-c03a-46ad-93b8-e78eb053bc6b"
              }
            ]
          },
          "sensitive_attributes": [],
          "private": "eyJlMmJmYjczMC1lY2FhLTExZTYtOGY4OC0zNDM2M2JjN2M0YzAiOnsiY3JlYXRlIjoxODAwMDAwMDAwMDAwLCJkZWxldGUiOjE4MDAwMDAwMDAwMDAsInVwZGF0ZSI6MTgwMDAwMDAwMDAwMH19",
          "dependencies": [
            "flexibleengine_networking_network_v2.network_1_helmi"
          ]
        }
      ]
    },
    {
      "mode": "managed",
      "type": "flexibleengine_networking_network_v2",
      "name": "network_1_helmi",
      "provider": "provider[\"registry.terraform.io/flexibleenginecloud/flexibleengine\"]",
      "instances": [
        {
          "schema_version": 0,
          "attributes": {
            "admin_state_up": "true",
            "id": "c890ca40-b0be-4ccd-8d76-f29801d1f818",
            "name": "Devops-network-helmi",
            "region": "eu-west-0",
            "segments": [],
            "shared": "false",
            "tenant_id": "3cc367db3c12475daa014a5491e9565a",
            "timeouts": null,
            "value_specs": null
          },
          "sensitive_attributes": [],
          "private": "eyJlMmJmYjczMC1lY2FhLTExZTYtOGY4OC0zNDM2M2JjN2M0YzAiOnsiY3JlYXRlIjo2MDAwMDAwMDAwMDAsImRlbGV0ZSI6NjAwMDAwMDAwMDAwfX0="
        }
      ]
    },
    {
      "mode": "managed",
      "type": "flexibleengine_networking_router_interface_v2",
      "name": "flexibleengine_VPC_helmi",
      "provider": "provider[\"registry.terraform.io/flexibleenginecloud/flexibleengine\"]",
      "instances": [
        {
          "schema_version": 0,
          "attributes": {
            "id": "c151df77-4250-4281-bfa3-c611c52ec039",
            "port_id": "c151df77-4250-4281-bfa3-c611c52ec039",
            "region": "eu-west-0",
            "router_id": "92f9fe19-adcc-4ace-9693-0d47bec4193e",
            "subnet_id": "aac3bf15-802a-4272-9c3b-0d2d513ac140",
            "timeouts": null
          },
          "sensitive_attributes": [],
          "private": "eyJlMmJmYjczMC1lY2FhLTExZTYtOGY4OC0zNDM2M2JjN2M0YzAiOnsiY3JlYXRlIjo2MDAwMDAwMDAwMDAsImRlbGV0ZSI6NjAwMDAwMDAwMDAwfX0=",
          "dependencies": [
            "flexibleengine_networking_network_v2.network_1_helmi",
            "flexibleengine_networking_router_v2.VPC_1_helmi",
            "flexibleengine_networking_subnet_v2.subnet_1_helmi"
          ]
        }
      ]
    },
    {
      "mode": "managed",
      "type": "flexibleengine_networking_router_v2",
      "name": "VPC_1_helmi",
      "provider": "provider[\"registry.terraform.io/flexibleenginecloud/flexibleengine\"]",
      "instances": [
        {
          "schema_version": 0,
          "attributes": {
            "admin_state_up": true,
            "distributed": false,
            "enable_snat": false,
            "external_gateway": "0a2228f2-7f8a-45f1-8e09-9039e1d09975",
            "id": "92f9fe19-adcc-4ace-9693-0d47bec4193e",
            "name": "Devops-VPC-helmi",
            "region": "eu-west-0",
            "tenant_id": "3cc367db3c12475daa014a5491e9565a",
            "timeouts": null,
            "value_specs": null
          },
          "sensitive_attributes": [],
          "private": "eyJlMmJmYjczMC1lY2FhLTExZTYtOGY4OC0zNDM2M2JjN2M0YzAiOnsiY3JlYXRlIjo2MDAwMDAwMDAwMDAsImRlbGV0ZSI6NjAwMDAwMDAwMDAwfX0="
        }
      ]
    },
    {
      "mode": "managed",
      "type": "flexibleengine_networking_secgroup_rule_v2",
      "name": "secgroup_rule_1",
      "provider": "provider[\"registry.terraform.io/flexibleenginecloud/flexibleengine\"]",
      "instances": [
        {
          "schema_version": 0,
          "attributes": {
            "description": "",
            "direction": "ingress",
            "ethertype": "IPv4",
            "id": "b9d7e584-74e2-4f35-a4a0-f913dc716922",
            "port_range_max": 22,
            "port_range_min": 22,
            "protocol": "tcp",
            "region": "eu-west-0",
            "remote_group_id": "",
            "remote_ip_prefix": "0.0.0.0/0",
            "security_group_id": "6883ad73-47c6-4f39-b8b6-1da9f34b09bc",
            "tenant_id": null,
            "timeouts": null
          },
          "sensitive_attributes": [],
          "private": "eyJlMmJmYjczMC1lY2FhLTExZTYtOGY4OC0zNDM2M2JjN2M0YzAiOnsiZGVsZXRlIjo2MDAwMDAwMDAwMDB9fQ==",
          "dependencies": [
            "flexibleengine_networking_secgroup_v2.devops-SG"
          ]
        }
      ]
    },
    {
      "mode": "managed",
      "type": "flexibleengine_networking_secgroup_rule_v2",
      "name": "secgroup_rule_2",
      "provider": "provider[\"registry.terraform.io/flexibleenginecloud/flexibleengine\"]",
      "instances": [
        {
          "schema_version": 0,
          "attributes": {
            "description": "",
            "direction": "ingress",
            "ethertype": "IPv4",
            "id": "4e5a2cb2-e809-4282-841e-13b376a7801a",
            "port_range_max": 80,
            "port_range_min": 80,
            "protocol": "tcp",
            "region": "eu-west-0",
            "remote_group_id": "",
            "remote_ip_prefix": "0.0.0.0/0",
            "security_group_id": "6883ad73-47c6-4f39-b8b6-1da9f34b09bc",
            "tenant_id": null,
            "timeouts": null
          },
          "sensitive_attributes": [],
          "private": "eyJlMmJmYjczMC1lY2FhLTExZTYtOGY4OC0zNDM2M2JjN2M0YzAiOnsiZGVsZXRlIjo2MDAwMDAwMDAwMDB9fQ==",
          "dependencies": [
            "flexibleengine_networking_secgroup_v2.devops-SG"
          ]
        }
      ]
    },
    {
      "mode": "managed",
      "type": "flexibleengine_networking_secgroup_v2",
      "name": "devops-SG",
      "provider": "provider[\"registry.terraform.io/flexibleenginecloud/flexibleengine\"]",
      "instances": [
        {
          "schema_version": 0,
          "attributes": {
            "delete_default_rules": null,
            "description": "My neutron security group",
            "id": "6883ad73-47c6-4f39-b8b6-1da9f34b09bc",
            "name": "devops-SG-helmi",
            "region": "eu-west-0",
            "tenant_id": null,
            "timeouts": null
          },
          "sensitive_attributes": [],
          "private": "eyJlMmJmYjczMC1lY2FhLTExZTYtOGY4OC0zNDM2M2JjN2M0YzAiOnsiZGVsZXRlIjo2MDAwMDAwMDAwMDB9fQ=="
        }
      ]
    },
    {
      "mode": "managed",
      "type": "flexibleengine_networking_subnet_v2",
      "name": "subnet_1_helmi",
      "provider": "provider[\"registry.terraform.io/flexibleenginecloud/flexibleengine\"]",
      "instances": [
        {
          "schema_version": 0,
          "attributes": {
            "allocation_pools": [
              {
                "end": "10.10.10.252",
                "start": "10.10.10.2"
              }
            ],
            "cidr": "10.10.10.0/24",
            "dns_nameservers": [],
            "enable_dhcp": true,
            "gateway_ip": "10.10.10.1",
            "host_routes": [],
            "id": "aac3bf15-802a-4272-9c3b-0d2d513ac140",
            "ip_version": 4,
            "name": "Devops-subnet-helmi",
            "network_id": "c890ca40-b0be-4ccd-8d76-f29801d1f818",
            "no_gateway": null,
            "region": "eu-west-0",
            "tenant_id": "3cc367db3c12475daa014a5491e9565a",
            "timeouts": null,
            "value_specs": null
          },
          "sensitive_attributes": [],
          "private": "eyJlMmJmYjczMC1lY2FhLTExZTYtOGY4OC0zNDM2M2JjN2M0YzAiOnsiY3JlYXRlIjo2MDAwMDAwMDAwMDAsImRlbGV0ZSI6NjAwMDAwMDAwMDAwfX0=",
          "dependencies": [
            "flexibleengine_networking_network_v2.network_1_helmi"
          ]
        }
      ]
    },
    {
      "mode": "managed",
      "type": "flexibleengine_vpc_eip_v1",
      "name": "eip_1",
      "provider": "provider[\"registry.terraform.io/flexibleenginecloud/flexibleengine\"]",
      "instances": [
        {
          "schema_version": 0,
          "attributes": {
            "address": "90.84.199.89",
            "bandwidth": [
              {
                "charge_mode": "traffic",
                "name": "helmi-eip",
                "share_type": "PER",
                "size": 8
              }
            ],
            "id": "0fa943a1-c78d-4dd6-a21d-f78a764a176f",
            "publicip": [
              {
                "ip_address": "90.84.199.89",
                "port_id": "9275b9a2-b26d-41e5-bc67-a5ed593c9704",
                "type": "5_bgp"
              }
            ],
            "region": "eu-west-0",
            "status": "BOUND",
            "tags": {},
            "timeouts": null
          },
          "sensitive_attributes": [],
          "private": "eyJlMmJmYjczMC1lY2FhLTExZTYtOGY4OC0zNDM2M2JjN2M0YzAiOnsiY3JlYXRlIjo2MDAwMDAwMDAwMDAsImRlbGV0ZSI6NjAwMDAwMDAwMDAwfX0="
        }
      ]
    }
  ]
}
